[[package]]
name = "adler32"
version = "1.0.2"
source = "registry+https://github.com/rust-lang/crates.io-index"

[[package]]
name = "alga"
version = "0.5.4"
source = "registry+https://github.com/rust-lang/crates.io-index"
dependencies = [
 "approx 0.1.1 (registry+https://github.com/rust-lang/crates.io-index)",
 "num-complex 0.1.43 (registry+https://github.com/rust-lang/crates.io-index)",
 "num-traits 0.1.43 (registry+https://github.com/rust-lang/crates.io-index)",
]

[[package]]
name = "ansi_term"
version = "0.11.0"
source = "registry+https://github.com/rust-lang/crates.io-index"
dependencies = [
 "winapi 0.3.4 (registry+https://github.com/rust-lang/crates.io-index)",
]

[[package]]
name = "approx"
version = "0.1.1"
source = "registry+https://github.com/rust-lang/crates.io-index"

[[package]]
name = "arrayvec"
version = "0.4.7"
source = "registry+https://github.com/rust-lang/crates.io-index"
dependencies = [
 "nodrop 0.1.12 (registry+https://github.com/rust-lang/crates.io-index)",
]

[[package]]
name = "atty"
version = "0.2.10"
source = "registry+https://github.com/rust-lang/crates.io-index"
dependencies = [
 "libc 0.2.40 (registry+https://github.com/rust-lang/crates.io-index)",
 "termion 1.5.1 (registry+https://github.com/rust-lang/crates.io-index)",
 "winapi 0.3.4 (registry+https://github.com/rust-lang/crates.io-index)",
]

[[package]]
name = "bitflags"
version = "0.8.2"
source = "registry+https://github.com/rust-lang/crates.io-index"

[[package]]
name = "bitflags"
version = "0.9.1"
source = "registry+https://github.com/rust-lang/crates.io-index"

[[package]]
name = "bitflags"
version = "1.0.3"
source = "registry+https://github.com/rust-lang/crates.io-index"

[[package]]
name = "byteorder"
version = "1.2.3"
source = "registry+https://github.com/rust-lang/crates.io-index"

[[package]]
name = "c_vec"
version = "1.2.1"
source = "registry+https://github.com/rust-lang/crates.io-index"

[[package]]
name = "cairo-rs"
version = "0.2.0"
source = "registry+https://github.com/rust-lang/crates.io-index"
dependencies = [
 "c_vec 1.2.1 (registry+https://github.com/rust-lang/crates.io-index)",
 "cairo-sys-rs 0.4.0 (registry+https://github.com/rust-lang/crates.io-index)",
 "glib 0.3.1 (registry+https://github.com/rust-lang/crates.io-index)",
 "glib-sys 0.4.0 (registry+https://github.com/rust-lang/crates.io-index)",
 "libc 0.2.40 (registry+https://github.com/rust-lang/crates.io-index)",
 "winapi 0.2.8 (registry+https://github.com/rust-lang/crates.io-index)",
]

[[package]]
name = "cairo-sys-rs"
version = "0.4.0"
source = "registry+https://github.com/rust-lang/crates.io-index"
dependencies = [
 "libc 0.2.40 (registry+https://github.com/rust-lang/crates.io-index)",
 "pkg-config 0.3.11 (registry+https://github.com/rust-lang/crates.io-index)",
 "winapi 0.2.8 (registry+https://github.com/rust-lang/crates.io-index)",
]

[[package]]
name = "cc"
version = "1.0.15"
source = "registry+https://github.com/rust-lang/crates.io-index"

[[package]]
name = "cfg-if"
version = "0.1.3"
source = "registry+https://github.com/rust-lang/crates.io-index"

[[package]]
name = "clap"
version = "2.31.2"
source = "registry+https://github.com/rust-lang/crates.io-index"
dependencies = [
 "ansi_term 0.11.0 (registry+https://github.com/rust-lang/crates.io-index)",
 "atty 0.2.10 (registry+https://github.com/rust-lang/crates.io-index)",
 "bitflags 1.0.3 (registry+https://github.com/rust-lang/crates.io-index)",
 "strsim 0.7.0 (registry+https://github.com/rust-lang/crates.io-index)",
 "textwrap 0.9.0 (registry+https://github.com/rust-lang/crates.io-index)",
 "unicode-width 0.1.4 (registry+https://github.com/rust-lang/crates.io-index)",
 "vec_map 0.8.1 (registry+https://github.com/rust-lang/crates.io-index)",
 "yaml-rust 0.3.5 (registry+https://github.com/rust-lang/crates.io-index)",
]

[[package]]
name = "cmake"
version = "0.1.31"
source = "registry+https://github.com/rust-lang/crates.io-index"
dependencies = [
 "cc 1.0.15 (registry+https://github.com/rust-lang/crates.io-index)",
]

[[package]]
name = "color_quant"
version = "1.0.0"
source = "registry+https://github.com/rust-lang/crates.io-index"

[[package]]
name = "crossbeam-deque"
version = "0.2.0"
source = "registry+https://github.com/rust-lang/crates.io-index"
dependencies = [
 "crossbeam-epoch 0.3.1 (registry+https://github.com/rust-lang/crates.io-index)",
 "crossbeam-utils 0.2.2 (registry+https://github.com/rust-lang/crates.io-index)",
]

[[package]]
name = "crossbeam-epoch"
version = "0.3.1"
source = "registry+https://github.com/rust-lang/crates.io-index"
dependencies = [
 "arrayvec 0.4.7 (registry+https://github.com/rust-lang/crates.io-index)",
 "cfg-if 0.1.3 (registry+https://github.com/rust-lang/crates.io-index)",
 "crossbeam-utils 0.2.2 (registry+https://github.com/rust-lang/crates.io-index)",
 "lazy_static 1.0.0 (registry+https://github.com/rust-lang/crates.io-index)",
 "memoffset 0.2.1 (registry+https://github.com/rust-lang/crates.io-index)",
 "nodrop 0.1.12 (registry+https://github.com/rust-lang/crates.io-index)",
 "scopeguard 0.3.3 (registry+https://github.com/rust-lang/crates.io-index)",
]

[[package]]
name = "crossbeam-utils"
version = "0.2.2"
source = "registry+https://github.com/rust-lang/crates.io-index"
dependencies = [
 "cfg-if 0.1.3 (registry+https://github.com/rust-lang/crates.io-index)",
]

[[package]]
name = "deflate"
version = "0.7.18"
source = "registry+https://github.com/rust-lang/crates.io-index"
dependencies = [
 "adler32 1.0.2 (registry+https://github.com/rust-lang/crates.io-index)",
 "byteorder 1.2.3 (registry+https://github.com/rust-lang/crates.io-index)",
]

[[package]]
name = "either"
version = "1.5.0"
source = "registry+https://github.com/rust-lang/crates.io-index"

[[package]]
name = "enum_primitive"
version = "0.1.1"
source = "registry+https://github.com/rust-lang/crates.io-index"
dependencies = [
 "num-traits 0.1.43 (registry+https://github.com/rust-lang/crates.io-index)",
]

[[package]]
name = "freetype-rs"
version = "0.13.0"
source = "registry+https://github.com/rust-lang/crates.io-index"
dependencies = [
 "bitflags 0.8.2 (registry+https://github.com/rust-lang/crates.io-index)",
 "freetype-sys 0.4.0 (registry+https://github.com/rust-lang/crates.io-index)",
 "libc 0.2.40 (registry+https://github.com/rust-lang/crates.io-index)",
]

[[package]]
name = "freetype-sys"
version = "0.4.0"
source = "registry+https://github.com/rust-lang/crates.io-index"
dependencies = [
 "libc 0.2.40 (registry+https://github.com/rust-lang/crates.io-index)",
 "libz-sys 1.0.18 (registry+https://github.com/rust-lang/crates.io-index)",
 "pkg-config 0.3.11 (registry+https://github.com/rust-lang/crates.io-index)",
]

[[package]]
name = "fuchsia-zircon"
version = "0.3.3"
source = "registry+https://github.com/rust-lang/crates.io-index"
dependencies = [
 "bitflags 1.0.3 (registry+https://github.com/rust-lang/crates.io-index)",
 "fuchsia-zircon-sys 0.3.3 (registry+https://github.com/rust-lang/crates.io-index)",
]

[[package]]
name = "fuchsia-zircon-sys"
version = "0.3.3"
source = "registry+https://github.com/rust-lang/crates.io-index"

[[package]]
name = "generic-array"
version = "0.8.3"
source = "registry+https://github.com/rust-lang/crates.io-index"
dependencies = [
 "nodrop 0.1.12 (registry+https://github.com/rust-lang/crates.io-index)",
 "typenum 1.10.0 (registry+https://github.com/rust-lang/crates.io-index)",
]

[[package]]
name = "gif"
version = "0.9.2"
source = "registry+https://github.com/rust-lang/crates.io-index"
dependencies = [
 "color_quant 1.0.0 (registry+https://github.com/rust-lang/crates.io-index)",
 "lzw 0.10.0 (registry+https://github.com/rust-lang/crates.io-index)",
]

[[package]]
name = "gl"
version = "0.6.5"
source = "registry+https://github.com/rust-lang/crates.io-index"
dependencies = [
 "gl_generator 0.6.1 (registry+https://github.com/rust-lang/crates.io-index)",
]

[[package]]
name = "gl_generator"
version = "0.6.1"
source = "registry+https://github.com/rust-lang/crates.io-index"
dependencies = [
 "khronos_api 2.2.0 (registry+https://github.com/rust-lang/crates.io-index)",
 "log 0.3.9 (registry+https://github.com/rust-lang/crates.io-index)",
 "xml-rs 0.7.0 (registry+https://github.com/rust-lang/crates.io-index)",
]

[[package]]
name = "glfw"
version = "0.15.0"
source = "registry+https://github.com/rust-lang/crates.io-index"
dependencies = [
 "bitflags 0.8.2 (registry+https://github.com/rust-lang/crates.io-index)",
 "enum_primitive 0.1.1 (registry+https://github.com/rust-lang/crates.io-index)",
 "glfw-sys 3.2.2 (registry+https://github.com/rust-lang/crates.io-index)",
 "libc 0.2.40 (registry+https://github.com/rust-lang/crates.io-index)",
 "log 0.3.9 (registry+https://github.com/rust-lang/crates.io-index)",
 "num 0.1.42 (registry+https://github.com/rust-lang/crates.io-index)",
 "semver 0.2.3 (registry+https://github.com/rust-lang/crates.io-index)",
]

[[package]]
name = "glfw-sys"
version = "3.2.2"
source = "registry+https://github.com/rust-lang/crates.io-index"
dependencies = [
 "cmake 0.1.31 (registry+https://github.com/rust-lang/crates.io-index)",
]

[[package]]
name = "glib"
version = "0.3.1"
source = "registry+https://github.com/rust-lang/crates.io-index"
dependencies = [
 "bitflags 0.9.1 (registry+https://github.com/rust-lang/crates.io-index)",
 "glib-sys 0.4.0 (registry+https://github.com/rust-lang/crates.io-index)",
 "gobject-sys 0.4.0 (registry+https://github.com/rust-lang/crates.io-index)",
 "lazy_static 0.2.11 (registry+https://github.com/rust-lang/crates.io-index)",
 "libc 0.2.40 (registry+https://github.com/rust-lang/crates.io-index)",
]

[[package]]
name = "glib-sys"
version = "0.4.0"
source = "registry+https://github.com/rust-lang/crates.io-index"
dependencies = [
 "bitflags 0.9.1 (registry+https://github.com/rust-lang/crates.io-index)",
 "libc 0.2.40 (registry+https://github.com/rust-lang/crates.io-index)",
 "pkg-config 0.3.11 (registry+https://github.com/rust-lang/crates.io-index)",
]

[[package]]
name = "gobject-sys"
version = "0.4.0"
source = "registry+https://github.com/rust-lang/crates.io-index"
dependencies = [
 "bitflags 0.9.1 (registry+https://github.com/rust-lang/crates.io-index)",
 "glib-sys 0.4.0 (registry+https://github.com/rust-lang/crates.io-index)",
 "libc 0.2.40 (registry+https://github.com/rust-lang/crates.io-index)",
 "pkg-config 0.3.11 (registry+https://github.com/rust-lang/crates.io-index)",
]

[[package]]
name = "image"
version = "0.14.0"
source = "registry+https://github.com/rust-lang/crates.io-index"
dependencies = [
 "byteorder 1.2.3 (registry+https://github.com/rust-lang/crates.io-index)",
 "enum_primitive 0.1.1 (registry+https://github.com/rust-lang/crates.io-index)",
 "gif 0.9.2 (registry+https://github.com/rust-lang/crates.io-index)",
 "jpeg-decoder 0.1.14 (registry+https://github.com/rust-lang/crates.io-index)",
 "num-iter 0.1.37 (registry+https://github.com/rust-lang/crates.io-index)",
 "num-rational 0.1.42 (registry+https://github.com/rust-lang/crates.io-index)",
 "num-traits 0.1.43 (registry+https://github.com/rust-lang/crates.io-index)",
 "png 0.8.0 (registry+https://github.com/rust-lang/crates.io-index)",
 "scoped_threadpool 0.1.9 (registry+https://github.com/rust-lang/crates.io-index)",
]

[[package]]
name = "inflate"
version = "0.2.0"
source = "registry+https://github.com/rust-lang/crates.io-index"

[[package]]
name = "jpeg-decoder"
version = "0.1.14"
source = "registry+https://github.com/rust-lang/crates.io-index"
dependencies = [
 "byteorder 1.2.3 (registry+https://github.com/rust-lang/crates.io-index)",
 "rayon 1.0.1 (registry+https://github.com/rust-lang/crates.io-index)",
]

[[package]]
name = "khronos_api"
version = "2.2.0"
source = "registry+https://github.com/rust-lang/crates.io-index"

[[package]]
name = "kiss3d"
version = "0.11.0"
source = "registry+https://github.com/rust-lang/crates.io-index"
dependencies = [
 "freetype-rs 0.13.0 (registry+https://github.com/rust-lang/crates.io-index)",
 "gl 0.6.5 (registry+https://github.com/rust-lang/crates.io-index)",
 "glfw 0.15.0 (registry+https://github.com/rust-lang/crates.io-index)",
 "image 0.14.0 (registry+https://github.com/rust-lang/crates.io-index)",
 "libc 0.2.40 (registry+https://github.com/rust-lang/crates.io-index)",
 "nalgebra 0.13.1 (registry+https://github.com/rust-lang/crates.io-index)",
 "ncollide_procedural 0.8.0 (registry+https://github.com/rust-lang/crates.io-index)",
 "num-traits 0.1.43 (registry+https://github.com/rust-lang/crates.io-index)",
]

[[package]]
name = "lazy_static"
version = "0.2.11"
source = "registry+https://github.com/rust-lang/crates.io-index"

[[package]]
name = "lazy_static"
version = "1.0.0"
source = "registry+https://github.com/rust-lang/crates.io-index"

[[package]]
name = "libc"
version = "0.2.40"
source = "registry+https://github.com/rust-lang/crates.io-index"

[[package]]
name = "libz-sys"
version = "1.0.18"
source = "registry+https://github.com/rust-lang/crates.io-index"
dependencies = [
 "cc 1.0.15 (registry+https://github.com/rust-lang/crates.io-index)",
 "libc 0.2.40 (registry+https://github.com/rust-lang/crates.io-index)",
 "pkg-config 0.3.11 (registry+https://github.com/rust-lang/crates.io-index)",
 "vcpkg 0.2.3 (registry+https://github.com/rust-lang/crates.io-index)",
]

[[package]]
name = "log"
version = "0.3.9"
source = "registry+https://github.com/rust-lang/crates.io-index"
dependencies = [
 "log 0.4.1 (registry+https://github.com/rust-lang/crates.io-index)",
]

[[package]]
name = "log"
version = "0.4.1"
source = "registry+https://github.com/rust-lang/crates.io-index"
dependencies = [
 "cfg-if 0.1.3 (registry+https://github.com/rust-lang/crates.io-index)",
]

[[package]]
name = "lzw"
version = "0.10.0"
source = "registry+https://github.com/rust-lang/crates.io-index"

[[package]]
name = "matrixmultiply"
version = "0.1.14"
source = "registry+https://github.com/rust-lang/crates.io-index"
dependencies = [
 "rawpointer 0.1.0 (registry+https://github.com/rust-lang/crates.io-index)",
]

[[package]]
name = "memoffset"
version = "0.2.1"
source = "registry+https://github.com/rust-lang/crates.io-index"

[[package]]
name = "nalgebra"
version = "0.13.1"
source = "registry+https://github.com/rust-lang/crates.io-index"
dependencies = [
 "alga 0.5.4 (registry+https://github.com/rust-lang/crates.io-index)",
 "approx 0.1.1 (registry+https://github.com/rust-lang/crates.io-index)",
 "generic-array 0.8.3 (registry+https://github.com/rust-lang/crates.io-index)",
 "matrixmultiply 0.1.14 (registry+https://github.com/rust-lang/crates.io-index)",
 "num-complex 0.1.43 (registry+https://github.com/rust-lang/crates.io-index)",
 "num-traits 0.1.43 (registry+https://github.com/rust-lang/crates.io-index)",
 "rand 0.3.22 (registry+https://github.com/rust-lang/crates.io-index)",
 "typenum 1.10.0 (registry+https://github.com/rust-lang/crates.io-index)",
]

[[package]]
name = "ncollide"
version = "0.13.0"
source = "registry+https://github.com/rust-lang/crates.io-index"
dependencies = [
 "ncollide_geometry 0.5.1 (registry+https://github.com/rust-lang/crates.io-index)",
 "ncollide_math 0.8.0 (registry+https://github.com/rust-lang/crates.io-index)",
 "ncollide_pipeline 0.12.1 (registry+https://github.com/rust-lang/crates.io-index)",
 "ncollide_procedural 0.8.0 (registry+https://github.com/rust-lang/crates.io-index)",
 "ncollide_transformation 0.8.0 (registry+https://github.com/rust-lang/crates.io-index)",
 "ncollide_utils 0.8.0 (registry+https://github.com/rust-lang/crates.io-index)",
]

[[package]]
name = "ncollide_geometry"
version = "0.5.1"
source = "registry+https://github.com/rust-lang/crates.io-index"
dependencies = [
 "alga 0.5.4 (registry+https://github.com/rust-lang/crates.io-index)",
 "approx 0.1.1 (registry+https://github.com/rust-lang/crates.io-index)",
 "nalgebra 0.13.1 (registry+https://github.com/rust-lang/crates.io-index)",
 "ncollide_math 0.8.0 (registry+https://github.com/rust-lang/crates.io-index)",
 "ncollide_utils 0.8.0 (registry+https://github.com/rust-lang/crates.io-index)",
 "num-traits 0.1.43 (registry+https://github.com/rust-lang/crates.io-index)",
 "rustc-serialize 0.3.24 (registry+https://github.com/rust-lang/crates.io-index)",
]

[[package]]
name = "ncollide_math"
version = "0.8.0"
source = "registry+https://github.com/rust-lang/crates.io-index"
dependencies = [
 "alga 0.5.4 (registry+https://github.com/rust-lang/crates.io-index)",
 "approx 0.1.1 (registry+https://github.com/rust-lang/crates.io-index)",
 "nalgebra 0.13.1 (registry+https://github.com/rust-lang/crates.io-index)",
 "num-traits 0.1.43 (registry+https://github.com/rust-lang/crates.io-index)",
 "rand 0.3.22 (registry+https://github.com/rust-lang/crates.io-index)",
 "rustc-serialize 0.3.24 (registry+https://github.com/rust-lang/crates.io-index)",
]

[[package]]
name = "ncollide_pipeline"
version = "0.12.1"
source = "registry+https://github.com/rust-lang/crates.io-index"
dependencies = [
 "alga 0.5.4 (registry+https://github.com/rust-lang/crates.io-index)",
 "nalgebra 0.13.1 (registry+https://github.com/rust-lang/crates.io-index)",
 "ncollide_geometry 0.5.1 (registry+https://github.com/rust-lang/crates.io-index)",
 "ncollide_math 0.8.0 (registry+https://github.com/rust-lang/crates.io-index)",
 "ncollide_utils 0.8.0 (registry+https://github.com/rust-lang/crates.io-index)",
 "rustc-serialize 0.3.24 (registry+https://github.com/rust-lang/crates.io-index)",
]

[[package]]
name = "ncollide_procedural"
version = "0.8.0"
source = "registry+https://github.com/rust-lang/crates.io-index"
dependencies = [
 "alga 0.5.4 (registry+https://github.com/rust-lang/crates.io-index)",
 "nalgebra 0.13.1 (registry+https://github.com/rust-lang/crates.io-index)",
 "ncollide_math 0.8.0 (registry+https://github.com/rust-lang/crates.io-index)",
 "ncollide_utils 0.8.0 (registry+https://github.com/rust-lang/crates.io-index)",
 "num-traits 0.1.43 (registry+https://github.com/rust-lang/crates.io-index)",
 "rustc-serialize 0.3.24 (registry+https://github.com/rust-lang/crates.io-index)",
]

[[package]]
name = "ncollide_transformation"
version = "0.8.0"
source = "registry+https://github.com/rust-lang/crates.io-index"
dependencies = [
 "alga 0.5.4 (registry+https://github.com/rust-lang/crates.io-index)",
 "approx 0.1.1 (registry+https://github.com/rust-lang/crates.io-index)",
 "nalgebra 0.13.1 (registry+https://github.com/rust-lang/crates.io-index)",
 "ncollide_geometry 0.5.1 (registry+https://github.com/rust-lang/crates.io-index)",
 "ncollide_math 0.8.0 (registry+https://github.com/rust-lang/crates.io-index)",
 "ncollide_procedural 0.8.0 (registry+https://github.com/rust-lang/crates.io-index)",
 "ncollide_utils 0.8.0 (registry+https://github.com/rust-lang/crates.io-index)",
 "num-traits 0.1.43 (registry+https://github.com/rust-lang/crates.io-index)",
 "rustc-serialize 0.3.24 (registry+https://github.com/rust-lang/crates.io-index)",
]

[[package]]
name = "ncollide_utils"
version = "0.8.0"
source = "registry+https://github.com/rust-lang/crates.io-index"
dependencies = [
 "alga 0.5.4 (registry+https://github.com/rust-lang/crates.io-index)",
 "approx 0.1.1 (registry+https://github.com/rust-lang/crates.io-index)",
 "nalgebra 0.13.1 (registry+https://github.com/rust-lang/crates.io-index)",
 "ncollide_math 0.8.0 (registry+https://github.com/rust-lang/crates.io-index)",
 "num-traits 0.1.43 (registry+https://github.com/rust-lang/crates.io-index)",
 "rand 0.3.22 (registry+https://github.com/rust-lang/crates.io-index)",
 "rustc-serialize 0.3.24 (registry+https://github.com/rust-lang/crates.io-index)",
]

[[package]]
name = "nodrop"
version = "0.1.12"
source = "registry+https://github.com/rust-lang/crates.io-index"

[[package]]
name = "nom"
version = "1.2.4"
source = "registry+https://github.com/rust-lang/crates.io-index"

[[package]]
name = "num"
version = "0.1.42"
source = "registry+https://github.com/rust-lang/crates.io-index"
dependencies = [
 "num-bigint 0.1.44 (registry+https://github.com/rust-lang/crates.io-index)",
 "num-complex 0.1.43 (registry+https://github.com/rust-lang/crates.io-index)",
 "num-integer 0.1.38 (registry+https://github.com/rust-lang/crates.io-index)",
 "num-iter 0.1.37 (registry+https://github.com/rust-lang/crates.io-index)",
 "num-rational 0.1.42 (registry+https://github.com/rust-lang/crates.io-index)",
 "num-traits 0.2.4 (registry+https://github.com/rust-lang/crates.io-index)",
]

[[package]]
name = "num-bigint"
version = "0.1.44"
source = "registry+https://github.com/rust-lang/crates.io-index"
dependencies = [
 "num-integer 0.1.38 (registry+https://github.com/rust-lang/crates.io-index)",
 "num-traits 0.2.4 (registry+https://github.com/rust-lang/crates.io-index)",
 "rand 0.4.2 (registry+https://github.com/rust-lang/crates.io-index)",
 "rustc-serialize 0.3.24 (registry+https://github.com/rust-lang/crates.io-index)",
]

[[package]]
name = "num-complex"
version = "0.1.43"
source = "registry+https://github.com/rust-lang/crates.io-index"
dependencies = [
 "num-traits 0.2.4 (registry+https://github.com/rust-lang/crates.io-index)",
 "rustc-serialize 0.3.24 (registry+https://github.com/rust-lang/crates.io-index)",
]

[[package]]
name = "num-integer"
version = "0.1.38"
source = "registry+https://github.com/rust-lang/crates.io-index"
dependencies = [
 "num-traits 0.2.4 (registry+https://github.com/rust-lang/crates.io-index)",
]

[[package]]
name = "num-iter"
version = "0.1.37"
source = "registry+https://github.com/rust-lang/crates.io-index"
dependencies = [
 "num-integer 0.1.38 (registry+https://github.com/rust-lang/crates.io-index)",
 "num-traits 0.2.4 (registry+https://github.com/rust-lang/crates.io-index)",
]

[[package]]
name = "num-rational"
version = "0.1.42"
source = "registry+https://github.com/rust-lang/crates.io-index"
dependencies = [
 "num-bigint 0.1.44 (registry+https://github.com/rust-lang/crates.io-index)",
 "num-integer 0.1.38 (registry+https://github.com/rust-lang/crates.io-index)",
 "num-traits 0.2.4 (registry+https://github.com/rust-lang/crates.io-index)",
 "rustc-serialize 0.3.24 (registry+https://github.com/rust-lang/crates.io-index)",
]

[[package]]
name = "num-traits"
version = "0.1.43"
source = "registry+https://github.com/rust-lang/crates.io-index"
dependencies = [
 "num-traits 0.2.4 (registry+https://github.com/rust-lang/crates.io-index)",
]

[[package]]
name = "num-traits"
version = "0.2.4"
source = "registry+https://github.com/rust-lang/crates.io-index"

[[package]]
name = "num_cpus"
version = "1.8.0"
source = "registry+https://github.com/rust-lang/crates.io-index"
dependencies = [
 "libc 0.2.40 (registry+https://github.com/rust-lang/crates.io-index)",
]

[[package]]
name = "palette"
version = "0.2.1"
source = "registry+https://github.com/rust-lang/crates.io-index"
dependencies = [
 "approx 0.1.1 (registry+https://github.com/rust-lang/crates.io-index)",
 "num 0.1.42 (registry+https://github.com/rust-lang/crates.io-index)",
 "phf 0.7.22 (registry+https://github.com/rust-lang/crates.io-index)",
 "phf_codegen 0.7.22 (registry+https://github.com/rust-lang/crates.io-index)",
]

[[package]]
name = "phf"
version = "0.7.22"
source = "registry+https://github.com/rust-lang/crates.io-index"
dependencies = [
 "phf_shared 0.7.22 (registry+https://github.com/rust-lang/crates.io-index)",
]

[[package]]
name = "phf_codegen"
version = "0.7.22"
source = "registry+https://github.com/rust-lang/crates.io-index"
dependencies = [
 "phf_generator 0.7.22 (registry+https://github.com/rust-lang/crates.io-index)",
 "phf_shared 0.7.22 (registry+https://github.com/rust-lang/crates.io-index)",
]

[[package]]
name = "phf_generator"
version = "0.7.22"
source = "registry+https://github.com/rust-lang/crates.io-index"
dependencies = [
 "phf_shared 0.7.22 (registry+https://github.com/rust-lang/crates.io-index)",
 "rand 0.4.2 (registry+https://github.com/rust-lang/crates.io-index)",
]

[[package]]
name = "phf_shared"
version = "0.7.22"
source = "registry+https://github.com/rust-lang/crates.io-index"
dependencies = [
 "siphasher 0.2.2 (registry+https://github.com/rust-lang/crates.io-index)",
]

[[package]]
name = "pkg-config"
version = "0.3.11"
source = "registry+https://github.com/rust-lang/crates.io-index"

[[package]]
name = "png"
version = "0.8.0"
source = "registry+https://github.com/rust-lang/crates.io-index"
dependencies = [
 "bitflags 0.9.1 (registry+https://github.com/rust-lang/crates.io-index)",
 "deflate 0.7.18 (registry+https://github.com/rust-lang/crates.io-index)",
 "inflate 0.2.0 (registry+https://github.com/rust-lang/crates.io-index)",
 "num-iter 0.1.37 (registry+https://github.com/rust-lang/crates.io-index)",
]

[[package]]
name = "rand"
version = "0.3.22"
source = "registry+https://github.com/rust-lang/crates.io-index"
dependencies = [
 "fuchsia-zircon 0.3.3 (registry+https://github.com/rust-lang/crates.io-index)",
 "libc 0.2.40 (registry+https://github.com/rust-lang/crates.io-index)",
 "rand 0.4.2 (registry+https://github.com/rust-lang/crates.io-index)",
]

[[package]]
name = "rand"
version = "0.4.2"
source = "registry+https://github.com/rust-lang/crates.io-index"
dependencies = [
 "fuchsia-zircon 0.3.3 (registry+https://github.com/rust-lang/crates.io-index)",
 "libc 0.2.40 (registry+https://github.com/rust-lang/crates.io-index)",
 "winapi 0.3.4 (registry+https://github.com/rust-lang/crates.io-index)",
]

[[package]]
name = "rawpointer"
version = "0.1.0"
source = "registry+https://github.com/rust-lang/crates.io-index"

[[package]]
name = "rayon"
version = "1.0.1"
source = "registry+https://github.com/rust-lang/crates.io-index"
dependencies = [
 "either 1.5.0 (registry+https://github.com/rust-lang/crates.io-index)",
 "rayon-core 1.4.0 (registry+https://github.com/rust-lang/crates.io-index)",
]

[[package]]
name = "rayon-core"
version = "1.4.0"
source = "registry+https://github.com/rust-lang/crates.io-index"
dependencies = [
 "crossbeam-deque 0.2.0 (registry+https://github.com/rust-lang/crates.io-index)",
 "lazy_static 1.0.0 (registry+https://github.com/rust-lang/crates.io-index)",
 "libc 0.2.40 (registry+https://github.com/rust-lang/crates.io-index)",
 "num_cpus 1.8.0 (registry+https://github.com/rust-lang/crates.io-index)",
 "rand 0.4.2 (registry+https://github.com/rust-lang/crates.io-index)",
]

[[package]]
name = "redox_syscall"
version = "0.1.37"
source = "registry+https://github.com/rust-lang/crates.io-index"

[[package]]
name = "redox_termios"
version = "0.1.1"
source = "registry+https://github.com/rust-lang/crates.io-index"
dependencies = [
 "redox_syscall 0.1.37 (registry+https://github.com/rust-lang/crates.io-index)",
]

[[package]]
name = "rustc-serialize"
version = "0.3.24"
source = "registry+https://github.com/rust-lang/crates.io-index"

[[package]]
name = "rustelbrot"
version = "0.1.0"
dependencies = [
 "cairo-rs 0.2.0 (registry+https://github.com/rust-lang/crates.io-index)",
 "clap 2.31.2 (registry+https://github.com/rust-lang/crates.io-index)",
 "kiss3d 0.11.0 (registry+https://github.com/rust-lang/crates.io-index)",
 "nalgebra 0.13.1 (registry+https://github.com/rust-lang/crates.io-index)",
 "ncollide 0.13.0 (registry+https://github.com/rust-lang/crates.io-index)",
 "palette 0.2.1 (registry+https://github.com/rust-lang/crates.io-index)",
]

[[package]]
name = "scoped_threadpool"
version = "0.1.9"
source = "registry+https://github.com/rust-lang/crates.io-index"

[[package]]
name = "scopeguard"
version = "0.3.3"
source = "registry+https://github.com/rust-lang/crates.io-index"

[[package]]
name = "semver"
version = "0.2.3"
source = "registry+https://github.com/rust-lang/crates.io-index"
dependencies = [
 "nom 1.2.4 (registry+https://github.com/rust-lang/crates.io-index)",
]

[[package]]
name = "siphasher"
version = "0.2.2"
source = "registry+https://github.com/rust-lang/crates.io-index"

[[package]]
name = "strsim"
version = "0.7.0"
source = "registry+https://github.com/rust-lang/crates.io-index"

[[package]]
name = "termion"
version = "1.5.1"
source = "registry+https://github.com/rust-lang/crates.io-index"
dependencies = [
 "libc 0.2.40 (registry+https://github.com/rust-lang/crates.io-index)",
 "redox_syscall 0.1.37 (registry+https://github.com/rust-lang/crates.io-index)",
 "redox_termios 0.1.1 (registry+https://github.com/rust-lang/crates.io-index)",
]

[[package]]
name = "textwrap"
version = "0.9.0"
source = "registry+https://github.com/rust-lang/crates.io-index"
dependencies = [
 "unicode-width 0.1.4 (registry+https://github.com/rust-lang/crates.io-index)",
]

[[package]]
name = "typenum"
version = "1.10.0"
source = "registry+https://github.com/rust-lang/crates.io-index"

[[package]]
name = "unicode-width"
version = "0.1.4"
source = "registry+https://github.com/rust-lang/crates.io-index"

[[package]]
name = "vcpkg"
version = "0.2.3"
source = "registry+https://github.com/rust-lang/crates.io-index"

[[package]]
name = "vec_map"
version = "0.8.1"
source = "registry+https://github.com/rust-lang/crates.io-index"

[[package]]
name = "winapi"
version = "0.2.8"
source = "registry+https://github.com/rust-lang/crates.io-index"

[[package]]
name = "winapi"
version = "0.3.4"
source = "registry+https://github.com/rust-lang/crates.io-index"
dependencies = [
 "winapi-i686-pc-windows-gnu 0.4.0 (registry+https://github.com/rust-lang/crates.io-index)",
 "winapi-x86_64-pc-windows-gnu 0.4.0 (registry+https://github.com/rust-lang/crates.io-index)",
]

[[package]]
name = "winapi-i686-pc-windows-gnu"
version = "0.4.0"
source = "registry+https://github.com/rust-lang/crates.io-index"

[[package]]
name = "winapi-x86_64-pc-windows-gnu"
version = "0.4.0"
source = "registry+https://github.com/rust-lang/crates.io-index"

[[package]]
name = "xml-rs"
version = "0.7.0"
source = "registry+https://github.com/rust-lang/crates.io-index"
dependencies = [
 "bitflags 1.0.3 (registry+https://github.com/rust-lang/crates.io-index)",
]

[[package]]
name = "yaml-rust"
version = "0.3.5"
source = "registry+https://github.com/rust-lang/crates.io-index"

[metadata]
"checksum adler32 1.0.2 (registry+https://github.com/rust-lang/crates.io-index)" = "6cbd0b9af8587c72beadc9f72d35b9fbb070982c9e6203e46e93f10df25f8f45"
"checksum alga 0.5.4 (registry+https://github.com/rust-lang/crates.io-index)" = "88c4144cd393075e782c633b4f9c5dea4811aed18ed59f518ae2ca2b553e3d09"
"checksum ansi_term 0.11.0 (registry+https://github.com/rust-lang/crates.io-index)" = "ee49baf6cb617b853aa8d93bf420db2383fab46d314482ca2803b40d5fde979b"
"checksum approx 0.1.1 (registry+https://github.com/rust-lang/crates.io-index)" = "08abcc3b4e9339e33a3d0a5ed15d84a687350c05689d825e0f6655eef9e76a94"
"checksum arrayvec 0.4.7 (registry+https://github.com/rust-lang/crates.io-index)" = "a1e964f9e24d588183fcb43503abda40d288c8657dfc27311516ce2f05675aef"
"checksum atty 0.2.10 (registry+https://github.com/rust-lang/crates.io-index)" = "2fc4a1aa4c24c0718a250f0681885c1af91419d242f29eb8f2ab28502d80dbd1"
"checksum bitflags 0.8.2 (registry+https://github.com/rust-lang/crates.io-index)" = "1370e9fc2a6ae53aea8b7a5110edbd08836ed87c88736dfabccade1c2b44bff4"
"checksum bitflags 0.9.1 (registry+https://github.com/rust-lang/crates.io-index)" = "4efd02e230a02e18f92fc2735f44597385ed02ad8f831e7c1c1156ee5e1ab3a5"
"checksum bitflags 1.0.3 (registry+https://github.com/rust-lang/crates.io-index)" = "d0c54bb8f454c567f21197eefcdbf5679d0bd99f2ddbe52e84c77061952e6789"
"checksum byteorder 1.2.3 (registry+https://github.com/rust-lang/crates.io-index)" = "74c0b906e9446b0a2e4f760cdb3fa4b2c48cdc6db8766a845c54b6ff063fd2e9"
"checksum c_vec 1.2.1 (registry+https://github.com/rust-lang/crates.io-index)" = "6237ac5a4b1e81c213c24c6437964c61e646df910a914b4ab1487b46df20bd13"
"checksum cairo-rs 0.2.0 (registry+https://github.com/rust-lang/crates.io-index)" = "a9d336f1b2ff46c17475a14360de7f456707008da475c54824887e52e453ab00"
"checksum cairo-sys-rs 0.4.0 (registry+https://github.com/rust-lang/crates.io-index)" = "9e8a1e2a76ac09b959788c2c30a355d693ce6f7f7d7268f6d1dd5d8c3359c521"
"checksum cc 1.0.15 (registry+https://github.com/rust-lang/crates.io-index)" = "0ebb87d1116151416c0cf66a0e3fb6430cccd120fd6300794b4dfaa050ac40ba"
"checksum cfg-if 0.1.3 (registry+https://github.com/rust-lang/crates.io-index)" = "405216fd8fe65f718daa7102ea808a946b6ce40c742998fbfd3463645552de18"
"checksum clap 2.31.2 (registry+https://github.com/rust-lang/crates.io-index)" = "f0f16b89cbb9ee36d87483dc939fe9f1e13c05898d56d7b230a0d4dff033a536"
"checksum cmake 0.1.31 (registry+https://github.com/rust-lang/crates.io-index)" = "95470235c31c726d72bf2e1f421adc1e65b9d561bf5529612cbe1a72da1467b3"
"checksum color_quant 1.0.0 (registry+https://github.com/rust-lang/crates.io-index)" = "a475fc4af42d83d28adf72968d9bcfaf035a1a9381642d8e85d8a04957767b0d"
"checksum crossbeam-deque 0.2.0 (registry+https://github.com/rust-lang/crates.io-index)" = "f739f8c5363aca78cfb059edf753d8f0d36908c348f3d8d1503f03d8b75d9cf3"
"checksum crossbeam-epoch 0.3.1 (registry+https://github.com/rust-lang/crates.io-index)" = "927121f5407de9956180ff5e936fe3cf4324279280001cd56b669d28ee7e9150"
"checksum crossbeam-utils 0.2.2 (registry+https://github.com/rust-lang/crates.io-index)" = "2760899e32a1d58d5abb31129f8fae5de75220bc2176e77ff7c627ae45c918d9"
"checksum deflate 0.7.18 (registry+https://github.com/rust-lang/crates.io-index)" = "32c8120d981901a9970a3a1c97cf8b630e0fa8c3ca31e75b6fd6fd5f9f427b31"
"checksum either 1.5.0 (registry+https://github.com/rust-lang/crates.io-index)" = "3be565ca5c557d7f59e7cfcf1844f9e3033650c929c6566f511e8005f205c1d0"
"checksum enum_primitive 0.1.1 (registry+https://github.com/rust-lang/crates.io-index)" = "be4551092f4d519593039259a9ed8daedf0da12e5109c5280338073eaeb81180"
"checksum freetype-rs 0.13.0 (registry+https://github.com/rust-lang/crates.io-index)" = "a1418e2a055fec8efe18c1a90a54b2cf5e649e583830dd4c71226c4e3bc920c6"
"checksum freetype-sys 0.4.0 (registry+https://github.com/rust-lang/crates.io-index)" = "eccfb6d96cac99921f0c2142a91765f6c219868a2c45bdfe7d65a08775f18127"
"checksum fuchsia-zircon 0.3.3 (registry+https://github.com/rust-lang/crates.io-index)" = "2e9763c69ebaae630ba35f74888db465e49e259ba1bc0eda7d06f4a067615d82"
"checksum fuchsia-zircon-sys 0.3.3 (registry+https://github.com/rust-lang/crates.io-index)" = "3dcaa9ae7725d12cdb85b3ad99a434db70b468c09ded17e012d86b5c1010f7a7"
"checksum generic-array 0.8.3 (registry+https://github.com/rust-lang/crates.io-index)" = "fceb69994e330afed50c93524be68c42fa898c2d9fd4ee8da03bd7363acd26f2"
"checksum gif 0.9.2 (registry+https://github.com/rust-lang/crates.io-index)" = "e2e41945ba23db3bf51b24756d73d81acb4f28d85c3dccc32c6fae904438c25f"
"checksum gl 0.6.5 (registry+https://github.com/rust-lang/crates.io-index)" = "1c73b90c285f02059b34a6c66bc645ba5faa18c0e3ab332e0725654fc71db441"
"checksum gl_generator 0.6.1 (registry+https://github.com/rust-lang/crates.io-index)" = "75d69f914b49d9ff32fdf394cbd798f8c716d74fd19f9cc29da3e99797b2a78d"
"checksum glfw 0.15.0 (registry+https://github.com/rust-lang/crates.io-index)" = "995365b58861476496b20fd55cb819f4452f9506404394171165759440f59ade"
"checksum glfw-sys 3.2.2 (registry+https://github.com/rust-lang/crates.io-index)" = "f72bb86276679c5370276224546eef2dce99b23da2f364fd8b097c79db310b39"
"checksum glib 0.3.1 (registry+https://github.com/rust-lang/crates.io-index)" = "d4da1d7f4bdc5c708d8ce4df1ac440dcb2f9d97d937c989032185a48aeef1d10"
"checksum glib-sys 0.4.0 (registry+https://github.com/rust-lang/crates.io-index)" = "cdd7d911c5dc610aabe37caae7d3b9d2cfe6d8f4c85ff4c062f3d6f490e75067"
"checksum gobject-sys 0.4.0 (registry+https://github.com/rust-lang/crates.io-index)" = "edc95561e538381576425264a4ddd08c65d5da218f10b2a47b4479dd147775da"
"checksum image 0.14.0 (registry+https://github.com/rust-lang/crates.io-index)" = "d61d2b3f000fb41d268312b92d4dd5ee7823163ceee71a67c676271585dfe598"
"checksum inflate 0.2.0 (registry+https://github.com/rust-lang/crates.io-index)" = "d1238524675af3938a7c74980899535854b88ba07907bb1c944abe5b8fc437e5"
"checksum jpeg-decoder 0.1.14 (registry+https://github.com/rust-lang/crates.io-index)" = "0dfe27a6c0dabd772d0f9b9f8701c4ca12c4d1eebcadf2be1f6f70396f6a1434"
"checksum khronos_api 2.2.0 (registry+https://github.com/rust-lang/crates.io-index)" = "037ab472c33f67b5fbd3e9163a2645319e5356fcd355efa6d4eb7fff4bbcb554"
"checksum kiss3d 0.11.0 (registry+https://github.com/rust-lang/crates.io-index)" = "67132ff92804b9723a3432c138c767a3bf188e55b6784b7c4e1415aaf8a22ee5"
"checksum lazy_static 0.2.11 (registry+https://github.com/rust-lang/crates.io-index)" = "76f033c7ad61445c5b347c7382dd1237847eb1bce590fe50365dcb33d546be73"
"checksum lazy_static 1.0.0 (registry+https://github.com/rust-lang/crates.io-index)" = "c8f31047daa365f19be14b47c29df4f7c3b581832407daabe6ae77397619237d"
"checksum libc 0.2.40 (registry+https://github.com/rust-lang/crates.io-index)" = "6fd41f331ac7c5b8ac259b8bf82c75c0fb2e469bbf37d2becbba9a6a2221965b"
"checksum libz-sys 1.0.18 (registry+https://github.com/rust-lang/crates.io-index)" = "87f737ad6cc6fd6eefe3d9dc5412f1573865bded441300904d2f42269e140f16"
"checksum log 0.3.9 (registry+https://github.com/rust-lang/crates.io-index)" = "e19e8d5c34a3e0e2223db8e060f9e8264aeeb5c5fc64a4ee9965c062211c024b"
"checksum log 0.4.1 (registry+https://github.com/rust-lang/crates.io-index)" = "89f010e843f2b1a31dbd316b3b8d443758bc634bed37aabade59c686d644e0a2"
"checksum lzw 0.10.0 (registry+https://github.com/rust-lang/crates.io-index)" = "7d947cbb889ed21c2a84be6ffbaebf5b4e0f4340638cba0444907e38b56be084"
"checksum matrixmultiply 0.1.14 (registry+https://github.com/rust-lang/crates.io-index)" = "cac1a66eab356036af85ea093101a14223dc6e3f4c02a59b7d572e5b93270bf7"
"checksum memoffset 0.2.1 (registry+https://github.com/rust-lang/crates.io-index)" = "0f9dc261e2b62d7a622bf416ea3c5245cdd5d9a7fcc428c0d06804dfce1775b3"
"checksum nalgebra 0.13.1 (registry+https://github.com/rust-lang/crates.io-index)" = "c8516d8710f28c64cfc75b274c75c55c967ad4ece7090521b3c065de1d12336b"
"checksum ncollide 0.13.0 (registry+https://github.com/rust-lang/crates.io-index)" = "af8b50392e3ca12693839344f085b00f088033901e4345b5820514f721431ca6"
"checksum ncollide_geometry 0.5.1 (registry+https://github.com/rust-lang/crates.io-index)" = "ce6b6a22647f0f0aff90f7237e69150784da41a78b134554ec26c7e406e189e7"
"checksum ncollide_math 0.8.0 (registry+https://github.com/rust-lang/crates.io-index)" = "64b88168c4ddad2e1123299bfb529c4de73383520caf45ccb5a9c9129fdcbe3d"
"checksum ncollide_pipeline 0.12.1 (registry+https://github.com/rust-lang/crates.io-index)" = "28aa4f0d2bfe476da36fdf61d5217a4e4efa7768a53f4c216845d92806c27429"
"checksum ncollide_procedural 0.8.0 (registry+https://github.com/rust-lang/crates.io-index)" = "63441d1763a6880894ccf2f5d9c81545ee426538119c6e6dc0768c8c8ab325a1"
"checksum ncollide_transformation 0.8.0 (registry+https://github.com/rust-lang/crates.io-index)" = "348a4684b4e409f0e4b9d649afa4460a09fcefc6083113a1483008db8ada8845"
"checksum ncollide_utils 0.8.0 (registry+https://github.com/rust-lang/crates.io-index)" = "2b0bf88903f5ee3f6e1c2a86e3aaff81d8fb4315ee4ccb52ff70cdd0fdbf0425"
"checksum nodrop 0.1.12 (registry+https://github.com/rust-lang/crates.io-index)" = "9a2228dca57108069a5262f2ed8bd2e82496d2e074a06d1ccc7ce1687b6ae0a2"
"checksum nom 1.2.4 (registry+https://github.com/rust-lang/crates.io-index)" = "a5b8c256fd9471521bcb84c3cdba98921497f1a331cbc15b8030fc63b82050ce"
"checksum num 0.1.42 (registry+https://github.com/rust-lang/crates.io-index)" = "4703ad64153382334aa8db57c637364c322d3372e097840c72000dabdcf6156e"
"checksum num-bigint 0.1.44 (registry+https://github.com/rust-lang/crates.io-index)" = "e63899ad0da84ce718c14936262a41cee2c79c981fc0a0e7c7beb47d5a07e8c1"
"checksum num-complex 0.1.43 (registry+https://github.com/rust-lang/crates.io-index)" = "b288631d7878aaf59442cffd36910ea604ecd7745c36054328595114001c9656"
"checksum num-integer 0.1.38 (registry+https://github.com/rust-lang/crates.io-index)" = "6ac0ea58d64a89d9d6b7688031b3be9358d6c919badcf7fbb0527ccfd891ee45"
"checksum num-iter 0.1.37 (registry+https://github.com/rust-lang/crates.io-index)" = "af3fdbbc3291a5464dc57b03860ec37ca6bf915ed6ee385e7c6c052c422b2124"
"checksum num-rational 0.1.42 (registry+https://github.com/rust-lang/crates.io-index)" = "ee314c74bd753fc86b4780aa9475da469155f3848473a261d2d18e35245a784e"
"checksum num-traits 0.1.43 (registry+https://github.com/rust-lang/crates.io-index)" = "92e5113e9fd4cc14ded8e499429f396a20f98c772a47cc8622a736e1ec843c31"
"checksum num-traits 0.2.4 (registry+https://github.com/rust-lang/crates.io-index)" = "775393e285254d2f5004596d69bb8bc1149754570dcc08cf30cabeba67955e28"
"checksum num_cpus 1.8.0 (registry+https://github.com/rust-lang/crates.io-index)" = "c51a3322e4bca9d212ad9a158a02abc6934d005490c054a2778df73a70aa0a30"
"checksum palette 0.2.1 (registry+https://github.com/rust-lang/crates.io-index)" = "f73fae0ce32bdcf4da5747adda9dbfd5a02e3a439631020ab98258991ebb488d"
"checksum phf 0.7.22 (registry+https://github.com/rust-lang/crates.io-index)" = "7d37a244c75a9748e049225155f56dbcb98fe71b192fd25fd23cb914b5ad62f2"
"checksum phf_codegen 0.7.22 (registry+https://github.com/rust-lang/crates.io-index)" = "4e4048fe7dd7a06b8127ecd6d3803149126e9b33c7558879846da3a63f734f2b"
"checksum phf_generator 0.7.22 (registry+https://github.com/rust-lang/crates.io-index)" = "05a079dd052e7b674d21cb31cbb6c05efd56a2cd2827db7692e2f1a507ebd998"
"checksum phf_shared 0.7.22 (registry+https://github.com/rust-lang/crates.io-index)" = "c2261d544c2bb6aa3b10022b0be371b9c7c64f762ef28c6f5d4f1ef6d97b5930"
"checksum pkg-config 0.3.11 (registry+https://github.com/rust-lang/crates.io-index)" = "110d5ee3593dbb73f56294327fe5668bcc997897097cbc76b51e7aed3f52452f"
"checksum png 0.8.0 (registry+https://github.com/rust-lang/crates.io-index)" = "6535266009941ceac9a17e6d681cd2adc75611cd4833db853282e8d4c470239c"
"checksum rand 0.3.22 (registry+https://github.com/rust-lang/crates.io-index)" = "15a732abf9d20f0ad8eeb6f909bf6868722d9a06e1e50802b6a70351f40b4eb1"
"checksum rand 0.4.2 (registry+https://github.com/rust-lang/crates.io-index)" = "eba5f8cb59cc50ed56be8880a5c7b496bfd9bd26394e176bc67884094145c2c5"
"checksum rawpointer 0.1.0 (registry+https://github.com/rust-lang/crates.io-index)" = "ebac11a9d2e11f2af219b8b8d833b76b1ea0e054aa0e8d8e9e4cbde353bdf019"
"checksum rayon 1.0.1 (registry+https://github.com/rust-lang/crates.io-index)" = "80e811e76f1dbf68abf87a759083d34600017fc4e10b6bd5ad84a700f9dba4b1"
"checksum rayon-core 1.4.0 (registry+https://github.com/rust-lang/crates.io-index)" = "9d24ad214285a7729b174ed6d3bcfcb80177807f959d95fafd5bfc5c4f201ac8"
"checksum redox_syscall 0.1.37 (registry+https://github.com/rust-lang/crates.io-index)" = "0d92eecebad22b767915e4d529f89f28ee96dbbf5a4810d2b844373f136417fd"
"checksum redox_termios 0.1.1 (registry+https://github.com/rust-lang/crates.io-index)" = "7e891cfe48e9100a70a3b6eb652fef28920c117d366339687bd5576160db0f76"
"checksum rustc-serialize 0.3.24 (registry+https://github.com/rust-lang/crates.io-index)" = "dcf128d1287d2ea9d80910b5f1120d0b8eede3fbf1abe91c40d39ea7d51e6fda"
"checksum scoped_threadpool 0.1.9 (registry+https://github.com/rust-lang/crates.io-index)" = "1d51f5df5af43ab3f1360b429fa5e0152ac5ce8c0bd6485cae490332e96846a8"
"checksum scopeguard 0.3.3 (registry+https://github.com/rust-lang/crates.io-index)" = "94258f53601af11e6a49f722422f6e3425c52b06245a5cf9bc09908b174f5e27"
"checksum semver 0.2.3 (registry+https://github.com/rust-lang/crates.io-index)" = "2d5b7638a1f03815d94e88cb3b3c08e87f0db4d683ef499d1836aaf70a45623f"
"checksum siphasher 0.2.2 (registry+https://github.com/rust-lang/crates.io-index)" = "0df90a788073e8d0235a67e50441d47db7c8ad9debd91cbf43736a2a92d36537"
"checksum strsim 0.7.0 (registry+https://github.com/rust-lang/crates.io-index)" = "bb4f380125926a99e52bc279241539c018323fab05ad6368b56f93d9369ff550"
"checksum termion 1.5.1 (registry+https://github.com/rust-lang/crates.io-index)" = "689a3bdfaab439fd92bc87df5c4c78417d3cbe537487274e9b0b2dce76e92096"
"checksum textwrap 0.9.0 (registry+https://github.com/rust-lang/crates.io-index)" = "c0b59b6b4b44d867f1370ef1bd91bfb262bf07bf0ae65c202ea2fbc16153b693"
"checksum typenum 1.10.0 (registry+https://github.com/rust-lang/crates.io-index)" = "612d636f949607bdf9b123b4a6f6d966dedf3ff669f7f045890d3a4a73948169"
"checksum unicode-width 0.1.4 (registry+https://github.com/rust-lang/crates.io-index)" = "bf3a113775714a22dcb774d8ea3655c53a32debae63a063acc00a91cc586245f"
"checksum vcpkg 0.2.3 (registry+https://github.com/rust-lang/crates.io-index)" = "7ed0f6789c8a85ca41bbc1c9d175422116a9869bd1cf31bb08e1493ecce60380"
"checksum vec_map 0.8.1 (registry+https://github.com/rust-lang/crates.io-index)" = "05c78687fb1a80548ae3250346c3db86a80a7cdd77bda190189f2d0a0987c81a"
"checksum winapi 0.2.8 (registry+https://github.com/rust-lang/crates.io-index)" = "167dc9d6949a9b857f3451275e911c3f44255842c1f7a76f33c55103a909087a"
"checksum winapi 0.3.4 (registry+https://github.com/rust-lang/crates.io-index)" = "04e3bd221fcbe8a271359c04f21a76db7d0c6028862d1bb5512d85e1e2eb5bb3"
"checksum winapi-i686-pc-windows-gnu 0.4.0 (registry+https://github.com/rust-lang/crates.io-index)" = "ac3b87c63620426dd9b991e5ce0329eff545bccbbb34f3be09ff6fb6ab51b7b6"
"checksum winapi-x86_64-pc-windows-gnu 0.4.0 (registry+https://github.com/rust-lang/crates.io-index)" = "712e227841d057c1ee1cd2fb22fa7e5a5461ae8e48fa2ca79ec42cfc1931183f"
"checksum xml-rs 0.7.0 (registry+https://github.com/rust-lang/crates.io-index)" = "3c1cb601d29fe2c2ac60a2b2e5e293994d87a1f6fa9687a31a15270f909be9c2"
"checksum yaml-rust 0.3.5 (registry+https://github.com/rust-lang/crates.io-index)" = "e66366e18dc58b46801afbf2ca7661a9f59cc8c5962c29892b6039b4f86fa992"
